
Microsoft Visual Studio Solution File, Format Version 12.00
# Visual Studio Version 17
VisualStudioVersion = 17.4.33103.184
MinimumVisualStudioVersion = 10.0.40219.1
Project("{FAE04EC0-301F-11D3-BF4B-00C04F79EFBC}") = "HelloWorld", "Test\HelloWorld.csproj", "{583D7953-1148-4352-A2AF-3C632B156772}"
EndProject
Global
	GlobalSection(SolutionConfigurationPlatforms) = preSolution
		Debug|Any CPU = Debug|Any CPU
		Release|Any CPU = Release|Any CPU
	EndGlobalSection
	GlobalSection(ProjectConfigurationPlatforms) = postSolution
		{583D7953-1148-4352-A2AF-3C632B156772}.Debug|Any CPU.ActiveCfg = Debug|Any CPU
		{583D7953-1148-4352-A2AF-3C632B156772}.Debug|Any CPU.Build.0 = Debug|Any CPU
		{583D7953-1148-4352-A2AF-3C632B156772}.Release|Any CPU.ActiveCfg = Release|Any CPU
		{583D7953-1148-4352-A2AF-3C632B156772}.Release|Any CPU.Build.0 = Release|Any CPU
	EndGlobalSection
	GlobalSection(SolutionProperties) = preSolution
		HideSolutionNode = FALSE
	EndGlobalSection
	GlobalSection(ExtensibilityGlobals) = postSolution
		SolutionGuid = {C3E89B39-E5D3-4E2A-AB92-7A0DAA7FF913}
	EndGlobalSection
EndGlobal
